
Microsoft Visual Studio Solution File, Format Version 12.00
# Visual Studio 15
VisualStudioVersion = 15.0.26510.0
MinimumVisualStudioVersion = 10.0.40219.1
Project("{9A19103F-16F7-4668-BE54-9A1E7A4F7556}") = "Demo02", "Demo02\Demo02.csproj", "{0AF23BE4-D34A-4C55-9825-9B6C30BAF071}"
EndProject
Project("{FAE04EC0-301F-11D3-BF4B-00C04F79EFBC}") = "Demo01", "Demo01\Demo01.csproj", "{59A8D13F-D67F-4B29-80D1-5817533E178F}"
EndProject
Project("{9A19103F-16F7-4668-BE54-9A1E7A4F7556}") = "Demo03", "Demo03\Demo03.csproj", "{0EBBD393-C419-4260-87C3-BAC160A2431D}"
EndProject
Project("{2150E333-8FDC-42A3-9474-1A3956D46DE8}") = "Demo1", "Demo1", "{5EDA25D3-F9EA-4E94-BD8E-5FB77F4BE297}"
EndProject
Project("{2150E333-8FDC-42A3-9474-1A3956D46DE8}") = "Demo2", "Demo2", "{7D30B559-3A24-4EC1-8D6B-CE29F71C4157}"
EndProject
Project("{2150E333-8FDC-42A3-9474-1A3956D46DE8}") = "Demo3", "Demo3", "{73B0579C-1771-4513-B673-C5DD05505BE5}"
EndProject
Project("{9A19103F-16F7-4668-BE54-9A1E7A4F7556}") = "Demo02.Lib", "Demo02.Lib\Demo02.Lib.csproj", "{58FFEA6E-EE1B-45E4-AF0F-F4B3DF516040}"
EndProject
Global
	GlobalSection(SolutionConfigurationPlatforms) = preSolution
		Debug|Any CPU = Debug|Any CPU
		Release|Any CPU = Release|Any CPU
	EndGlobalSection
	GlobalSection(ProjectConfigurationPlatforms) = postSolution
		{0AF23BE4-D34A-4C55-9825-9B6C30BAF071}.Debug|Any CPU.ActiveCfg = Debug|Any CPU
		{0AF23BE4-D34A-4C55-9825-9B6C30BAF071}.Debug|Any CPU.Build.0 = Debug|Any CPU
		{0AF23BE4-D34A-4C55-9825-9B6C30BAF071}.Release|Any CPU.ActiveCfg = Release|Any CPU
		{0AF23BE4-D34A-4C55-9825-9B6C30BAF071}.Release|Any CPU.Build.0 = Release|Any CPU
		{59A8D13F-D67F-4B29-80D1-5817533E178F}.Debug|Any CPU.ActiveCfg = Debug|Any CPU
		{59A8D13F-D67F-4B29-80D1-5817533E178F}.Debug|Any CPU.Build.0 = Debug|Any CPU
		{59A8D13F-D67F-4B29-80D1-5817533E178F}.Release|Any CPU.ActiveCfg = Release|Any CPU
		{59A8D13F-D67F-4B29-80D1-5817533E178F}.Release|Any CPU.Build.0 = Release|Any CPU
		{0EBBD393-C419-4260-87C3-BAC160A2431D}.Debug|Any CPU.ActiveCfg = Debug|Any CPU
		{0EBBD393-C419-4260-87C3-BAC160A2431D}.Debug|Any CPU.Build.0 = Debug|Any CPU
		{0EBBD393-C419-4260-87C3-BAC160A2431D}.Release|Any CPU.ActiveCfg = Release|Any CPU
		{0EBBD393-C419-4260-87C3-BAC160A2431D}.Release|Any CPU.Build.0 = Release|Any CPU
		{58FFEA6E-EE1B-45E4-AF0F-F4B3DF516040}.Debug|Any CPU.ActiveCfg = Debug|Any CPU
		{58FFEA6E-EE1B-45E4-AF0F-F4B3DF516040}.Debug|Any CPU.Build.0 = Debug|Any CPU
		{58FFEA6E-EE1B-45E4-AF0F-F4B3DF516040}.Release|Any CPU.ActiveCfg = Release|Any CPU
		{58FFEA6E-EE1B-45E4-AF0F-F4B3DF516040}.Release|Any CPU.Build.0 = Release|Any CPU
	EndGlobalSection
	GlobalSection(SolutionProperties) = preSolution
		HideSolutionNode = FALSE
	EndGlobalSection
	GlobalSection(NestedProjects) = preSolution
		{0AF23BE4-D34A-4C55-9825-9B6C30BAF071} = {7D30B559-3A24-4EC1-8D6B-CE29F71C4157}
		{59A8D13F-D67F-4B29-80D1-5817533E178F} = {5EDA25D3-F9EA-4E94-BD8E-5FB77F4BE297}
		{0EBBD393-C419-4260-87C3-BAC160A2431D} = {73B0579C-1771-4513-B673-C5DD05505BE5}
		{58FFEA6E-EE1B-45E4-AF0F-F4B3DF516040} = {7D30B559-3A24-4EC1-8D6B-CE29F71C4157}
	EndGlobalSection
EndGlobal
